Microsoft Visual Studio Solution File, Format Version 12.00
# Visual Studio 2012
Project("{FAE04EC0-301F-11D3-BF4B-00C04F79EFBC}") = "WebApplication1", "WebApplication1\WebApplication1.csproj", "{76E641F2-BE67-4ABE-BFD7-5FA8737887EC}"
EndProject
Project("{FAE04EC0-301F-11D3-BF4B-00C04F79EFBC}") = "App1", "App1\App1.csproj", "{3796E552-9E94-41D0-9549-18CEB1A8CC59}"
EndProject
Global
	GlobalSection(SolutionConfigurationPlatforms) = preSolution
		Debug|Any CPU = Debug|Any CPU
		Release|Any CPU = Release|Any CPU
	EndGlobalSection
	GlobalSection(ProjectConfigurationPlatforms) = postSolution
		{76E641F2-BE67-4ABE-BFD7-5FA8737887EC}.Debug|Any CPU.ActiveCfg = Debug|Any CPU
		{76E641F2-BE67-4ABE-BFD7-5FA8737887EC}.Debug|Any CPU.Build.0 = Debug|Any CPU
		{76E641F2-BE67-4ABE-BFD7-5FA8737887EC}.Release|Any CPU.ActiveCfg = Release|Any CPU
		{76E641F2-BE67-4ABE-BFD7-5FA8737887EC}.Release|Any CPU.Build.0 = Release|Any CPU
		{3796E552-9E94-41D0-9549-18CEB1A8CC59}.Debug|Any CPU.ActiveCfg = Debug|Any CPU
		{3796E552-9E94-41D0-9549-18CEB1A8CC59}.Debug|Any CPU.Build.0 = Debug|Any CPU
		{3796E552-9E94-41D0-9549-18CEB1A8CC59}.Debug|Any CPU.Deploy.0 = Debug|Any CPU
		{3796E552-9E94-41D0-9549-18CEB1A8CC59}.Release|Any CPU.ActiveCfg = Release|Any CPU
		{3796E552-9E94-41D0-9549-18CEB1A8CC59}.Release|Any CPU.Build.0 = Release|Any CPU
		{3796E552-9E94-41D0-9549-18CEB1A8CC59}.Release|Any CPU.Deploy.0 = Release|Any CPU
	EndGlobalSection
	GlobalSection(SolutionProperties) = preSolution
		HideSolutionNode = FALSE
	EndGlobalSection
EndGlobal
